{
  "nodes": {
    "base16-kitty": {
      "flake": false,
      "locked": {
        "lastModified": 1589263869,
        "narHash": "sha256-+pdXnjuYl7E++QvKOrdSokBc32mkYf3e4Gmnn0xS2iQ=",
        "owner": "kdrag0n",
        "repo": "base16-kitty",
        "rev": "fe5862cec41bfd0b46a1ac3d7565a50680051226",
        "type": "github"
      },
      "original": {
        "owner": "kdrag0n",
        "repo": "base16-kitty",
        "type": "github"
      }
    },
    "darwin": {
      "inputs": {
        "nixpkgs": [
          "nixpkgs"
        ]
      },
      "locked": {
        "lastModified": 1631730143,
        "narHash": "sha256-A8PaUyZu5WVp+IojG5q+39rjf5x57OFDYmVoDFPZLlY=",
        "owner": "lnl7",
        "repo": "nix-darwin",
        "rev": "e1a3f7292f085fd588d11f94ed0f47968c16df0c",
        "type": "github"
      },
      "original": {
        "owner": "lnl7",
        "ref": "master",
        "repo": "nix-darwin",
        "type": "github"
      }
    },
    "emacs": {
      "inputs": {
        "emacs-src": "emacs-src",
        "emacs-vterm-src": "emacs-vterm-src",
        "nixpkgs": "nixpkgs"
      },
      "locked": {
        "lastModified": 1632361359,
        "narHash": "sha256-DL9bBSbMNRCoQzkxXAc6HBYAJWhLNW6uwLtN5G2Q1aE=",
        "owner": "cmacrae",
        "repo": "emacs",
        "rev": "07281b26e3c91757f444ee80dea2cb827ea54f13",
        "type": "github"
      },
      "original": {
        "owner": "cmacrae",
        "repo": "emacs",
        "type": "github"
      }
    },
    "emacs-src": {
      "flake": false,
      "locked": {
        "lastModified": 1632349101,
        "narHash": "sha256-oGfgeQKU+mCJk5NCjzFDDGH0pwEUATl7UZWgLpPYQHk=",
        "ref": "master",
        "rev": "90547d370f7c75b95b1d1e64b84e624e752ea6e3",
        "revCount": 150266,
        "type": "git",
        "url": "git://git.sv.gnu.org/emacs.git"
      },
      "original": {
        "type": "git",
        "url": "git://git.sv.gnu.org/emacs.git"
      }
    },
    "emacs-vterm-src": {
      "flake": false,
      "locked": {
        "lastModified": 1631083259,
        "narHash": "sha256-+fl1GUCpAZBOvgMd3akF9EMirp1/K+JyRq0TWKSDeJw=",
        "owner": "akermu",
        "repo": "emacs-libvterm",
        "rev": "2681120b770573044832ba8c22ccbac192e1a294",
        "type": "github"
      },
      "original": {
        "owner": "akermu",
        "repo": "emacs-libvterm",
        "type": "github"
      }
    },
    "firefox-addons": {
      "inputs": {
        "flake-utils": "flake-utils",
        "nixpkgs": [
          "nixpkgs"
        ]
      },
      "locked": {
        "dir": "pkgs/firefox-addons",
        "lastModified": 1630291947,
        "narHash": "sha256-S7xUi/LXXNXX8mIhXKoXrQKGKr9e9x/efPy2qRGHGFs=",
        "owner": "montchr",
        "repo": "nur-expressions",
        "rev": "94c9984e0843e813824c368b007453b8a693bce7",
        "type": "gitlab"
      },
      "original": {
        "dir": "pkgs/firefox-addons",
        "owner": "montchr",
        "ref": "develop",
        "repo": "nur-expressions",
        "type": "gitlab"
      }
    },
    "firefox-lepton": {
      "flake": false,
      "locked": {
        "lastModified": 1632079808,
        "narHash": "sha256-cKq7b45VrOO+ntnsZ/eseWZ2IV9hKpqXJN7cjDbgnos=",
        "owner": "black7375",
        "repo": "Firefox-UI-Fix",
        "rev": "f2977bd3040f0246674a9cec6c44651a524b76e7",
        "type": "github"
      },
      "original": {
        "owner": "black7375",
        "repo": "Firefox-UI-Fix",
        "type": "github"
      }
    },
    "flake-utils": {
      "locked": {
        "lastModified": 1629284811,
        "narHash": "sha256-JHgasjPR0/J1J3DRm4KxM4zTyAj4IOJY8vIl75v/kPI=",
        "owner": "numtide",
        "repo": "flake-utils",
        "rev": "c5d161cc0af116a2e17f54316f0bf43f0819785c",
        "type": "github"
      },
      "original": {
        "owner": "numtide",
        "repo": "flake-utils",
        "type": "github"
      }
    },
    "flake-utils_2": {
      "locked": {
        "lastModified": 1631561581,
        "narHash": "sha256-3VQMV5zvxaVLvqqUrNz3iJelLw30mIVSfZmAaauM3dA=",
        "owner": "numtide",
        "repo": "flake-utils",
        "rev": "7e5bf3925f6fbdfaf50a2a7ca0be2879c4261d19",
        "type": "github"
      },
      "original": {
        "owner": "numtide",
        "repo": "flake-utils",
        "type": "github"
      }
    },
    "home-manager": {
      "inputs": {
        "nixpkgs": [
          "nixpkgs"
        ]
      },
      "locked": {
        "lastModified": 1632256651,
        "narHash": "sha256-+jbZKohfqTjp/5SwudwIhYzmFqmGDlIG99V5lOE4Yjg=",
        "owner": "nix-community",
        "repo": "home-manager",
        "rev": "58aa667e28ca4a6a2159b1f3258ef5d494d5ecb6",
        "type": "github"
      },
      "original": {
        "owner": "nix-community",
        "repo": "home-manager",
        "type": "github"
      }
    },
    "naersk": {
      "inputs": {
        "nixpkgs": [
          "rnix-lsp",
          "nixpkgs"
        ]
      },
      "locked": {
        "lastModified": 1629707199,
        "narHash": "sha256-sGxlmfp5eXL5sAMNqHSb04Zq6gPl+JeltIZ226OYN0w=",
        "owner": "nmattia",
        "repo": "naersk",
        "rev": "df71f5e4babda41cd919a8684b72218e2e809fa9",
        "type": "github"
      },
      "original": {
        "owner": "nmattia",
        "repo": "naersk",
        "type": "github"
      }
    },
    "nixpkgs": {
      "locked": {
        "lastModified": 1632086102,
        "narHash": "sha256-wVTcf0UclFS+zHtfPToB13jIO7n0U9N50MuRbPjQViE=",
        "owner": "nixos",
        "repo": "nixpkgs",
        "rev": "e0ce3c683ae677cf5aab597d645520cddd13392b",
        "type": "github"
      },
      "original": {
        "owner": "nixos",
        "ref": "nixpkgs-unstable",
        "repo": "nixpkgs",
        "type": "github"
      }
    },
    "nixpkgs_2": {
      "locked": {
        "lastModified": 1632146492,
        "narHash": "sha256-+5LSb1alIWujWwFUZ2Juv1U9owBidLDONsz/T7ydDIY=",
        "owner": "nixos",
        "repo": "nixpkgs",
        "rev": "1a56d76d718afb6c47dd96602c915b6d23f7c45d",
        "type": "github"
      },
      "original": {
        "owner": "nixos",
        "ref": "nixpkgs-unstable",
        "repo": "nixpkgs",
        "type": "github"
      }
    },
    "nur": {
      "locked": {
        "lastModified": 1632420439,
        "narHash": "sha256-CCNI+Uo+o74gPDRcCX4l90uzpivrrUnQWuBv62934pM=",
        "owner": "nix-community",
        "repo": "NUR",
        "rev": "b0fb6556471222b14151fa65ff54909d357ef41e",
        "type": "github"
      },
      "original": {
        "owner": "nix-community",
        "repo": "NUR",
        "type": "github"
      }
    },
    "rnix-lsp": {
      "inputs": {
        "naersk": "naersk",
        "nixpkgs": [
          "nixpkgs"
        ],
        "utils": "utils"
      },
      "locked": {
        "lastModified": 1632399591,
        "narHash": "sha256-54dtLkGAbQ4Sln/bs/sI0GaCbXyK8+vDD8QBgxaiCXg=",
        "owner": "nix-community",
        "repo": "rnix-lsp",
        "rev": "b3f2a6dbcd1115bd449b8cf1299d828c9ebeb485",
        "type": "github"
      },
      "original": {
        "owner": "nix-community",
        "repo": "rnix-lsp",
        "type": "github"
      }
    },
    "root": {
      "inputs": {
        "base16-kitty": "base16-kitty",
        "darwin": "darwin",
        "emacs": "emacs",
        "firefox-addons": "firefox-addons",
        "firefox-lepton": "firefox-lepton",
        "flake-utils": "flake-utils_2",
        "home-manager": "home-manager",
        "nixpkgs": "nixpkgs_2",
        "nur": "nur",
        "rnix-lsp": "rnix-lsp"
      }
    },
    "utils": {
      "locked": {
        "lastModified": 1629481132,
        "narHash": "sha256-JHgasjPR0/J1J3DRm4KxM4zTyAj4IOJY8vIl75v/kPI=",
        "owner": "numtide",
        "repo": "flake-utils",
        "rev": "997f7efcb746a9c140ce1f13c72263189225f482",
        "type": "github"
      },
      "original": {
        "owner": "numtide",
        "repo": "flake-utils",
        "type": "github"
      }
    }
  },
  "root": "root",
  "version": 7
}
