{
  "nodes": {
    "base16-kitty": {
      "flake": false,
      "locked": {
        "lastModified": 1589263869,
        "narHash": "sha256-+pdXnjuYl7E++QvKOrdSokBc32mkYf3e4Gmnn0xS2iQ=",
        "owner": "kdrag0n",
        "repo": "base16-kitty",
        "rev": "fe5862cec41bfd0b46a1ac3d7565a50680051226",
        "type": "github"
      },
      "original": {
        "owner": "kdrag0n",
        "repo": "base16-kitty",
        "type": "github"
      }
    },
    "darwin": {
      "inputs": {
        "nixpkgs": [
          "latest"
        ]
      },
      "locked": {
        "lastModified": 1631730143,
        "narHash": "sha256-A8PaUyZu5WVp+IojG5q+39rjf5x57OFDYmVoDFPZLlY=",
        "owner": "lnl7",
        "repo": "nix-darwin",
        "rev": "e1a3f7292f085fd588d11f94ed0f47968c16df0c",
        "type": "github"
      },
      "original": {
        "owner": "lnl7",
        "ref": "master",
        "repo": "nix-darwin",
        "type": "github"
      }
    },
    "emacs": {
      "inputs": {
        "emacs-src": "emacs-src",
        "emacs-vterm-src": "emacs-vterm-src",
        "nixpkgs": "nixpkgs"
      },
      "locked": {
        "lastModified": 1632707568,
        "narHash": "sha256-V4HvCGPCryRSxpxd+v0FkZxtp7/8KKVuw5O83tmY5aY=",
        "owner": "cmacrae",
        "repo": "emacs",
        "rev": "8bbbdae607d3f03a8e6c488b310d9443f6ff11bf",
        "type": "github"
      },
      "original": {
        "owner": "cmacrae",
        "repo": "emacs",
        "rev": "8bbbdae607d3f03a8e6c488b310d9443f6ff11bf",
        "type": "github"
      }
    },
    "emacs-overlay": {
      "locked": {
        "lastModified": 1633887273,
        "narHash": "sha256-iK1Rdl5xAiMZsnEgY58q/kb2Q11JnKcB/BkPDfmrgRM=",
        "owner": "nix-community",
        "repo": "emacs-overlay",
        "rev": "a0c16aadd9b4a2d8cd32910c422c63f358c6609e",
        "type": "github"
      },
      "original": {
        "owner": "nix-community",
        "repo": "emacs-overlay",
        "type": "github"
      }
    },
    "emacs-src": {
      "flake": false,
      "locked": {
        "lastModified": 1632682779,
        "narHash": "sha256-85afHRzmynRjqWunuxBoAPHRKIvc93vMvRuqdwi0o0E=",
        "ref": "master",
        "rev": "4a43b49885b8ad8725d6efec5229ab80f8dfd5d4",
        "revCount": 150405,
        "type": "git",
        "url": "git://git.sv.gnu.org/emacs.git"
      },
      "original": {
        "type": "git",
        "url": "git://git.sv.gnu.org/emacs.git"
      }
    },
    "emacs-vterm-src": {
      "flake": false,
      "locked": {
        "lastModified": 1631083259,
        "narHash": "sha256-+fl1GUCpAZBOvgMd3akF9EMirp1/K+JyRq0TWKSDeJw=",
        "owner": "akermu",
        "repo": "emacs-libvterm",
        "rev": "2681120b770573044832ba8c22ccbac192e1a294",
        "type": "github"
      },
      "original": {
        "owner": "akermu",
        "repo": "emacs-libvterm",
        "type": "github"
      }
    },
    "firefox-lepton": {
      "flake": false,
      "locked": {
        "lastModified": 1633875742,
        "narHash": "sha256-2zYcK6pDRVs+RVZK73eEXdDi4bHOERH01zlwUFJTD84=",
        "owner": "black7375",
        "repo": "Firefox-UI-Fix",
        "rev": "dabc91cde340d5a85d092ba03bcdce12db9e6f4e",
        "type": "github"
      },
      "original": {
        "owner": "black7375",
        "repo": "Firefox-UI-Fix",
        "type": "github"
      }
    },
    "flake-utils": {
      "locked": {
        "lastModified": 1629481132,
        "narHash": "sha256-JHgasjPR0/J1J3DRm4KxM4zTyAj4IOJY8vIl75v/kPI=",
        "owner": "numtide",
        "repo": "flake-utils",
        "rev": "997f7efcb746a9c140ce1f13c72263189225f482",
        "type": "github"
      },
      "original": {
        "owner": "numtide",
        "repo": "flake-utils",
        "type": "github"
      }
    },
    "home-manager": {
      "inputs": {
        "nixpkgs": [
          "latest"
        ]
      },
      "locked": {
        "lastModified": 1633733120,
        "narHash": "sha256-IdUgCn7eud2he4LWZpzFPf1D2u+mjZC09mvo3oSNoss=",
        "owner": "nix-community",
        "repo": "home-manager",
        "rev": "32285d8fe64138a41f1caed23d94f28529ea4eb4",
        "type": "github"
      },
      "original": {
        "owner": "nix-community",
        "repo": "home-manager",
        "type": "github"
      }
    },
    "latest": {
      "locked": {
        "lastModified": 1633329294,
        "narHash": "sha256-0LpQLS4KMgxslMgmDHmxG/5twFlXDBW9z4Or1iOrCvU=",
        "owner": "nixos",
        "repo": "nixpkgs",
        "rev": "ee084c02040e864eeeb4cf4f8538d92f7c675671",
        "type": "github"
      },
      "original": {
        "owner": "nixos",
        "ref": "nixpkgs-unstable",
        "repo": "nixpkgs",
        "type": "github"
      }
    },
    "naersk": {
      "inputs": {
        "nixpkgs": [
          "rnix-lsp",
          "nixpkgs"
        ]
      },
      "locked": {
        "lastModified": 1629707199,
        "narHash": "sha256-sGxlmfp5eXL5sAMNqHSb04Zq6gPl+JeltIZ226OYN0w=",
        "owner": "nmattia",
        "repo": "naersk",
        "rev": "df71f5e4babda41cd919a8684b72218e2e809fa9",
        "type": "github"
      },
      "original": {
        "owner": "nmattia",
        "repo": "naersk",
        "type": "github"
      }
    },
    "nixpkgs": {
      "locked": {
        "lastModified": 1632383286,
        "narHash": "sha256-WF49nWAN8saKDjXvXTiIIJRPDHgTkTYgTUMabnN+tRc=",
        "owner": "nixos",
        "repo": "nixpkgs",
        "rev": "a3a23d9599b0a82e333ad91db2cdc479313ce154",
        "type": "github"
      },
      "original": {
        "owner": "nixos",
        "ref": "nixpkgs-unstable",
        "repo": "nixpkgs",
        "type": "github"
      }
    },
    "nur": {
      "locked": {
        "lastModified": 1633874120,
        "narHash": "sha256-Wvx37YxDmFwpnD1mmhhPHU22N2fakeBNykpOXegGQUI=",
        "owner": "nix-community",
        "repo": "NUR",
        "rev": "0b16cba9cd0bd19826d91ea3bc56f155d47ef933",
        "type": "github"
      },
      "original": {
        "owner": "nix-community",
        "repo": "NUR",
        "type": "github"
      }
    },
    "rnix-lsp": {
      "inputs": {
        "naersk": "naersk",
        "nixpkgs": [
          "nixpkgs"
        ],
        "utils": "utils"
      },
      "locked": {
        "lastModified": 1633237382,
        "narHash": "sha256-TvtykkGJPoMq5/ynsawuoN81VDnSl+UnHWmBiLqJb/Y=",
        "owner": "nix-community",
        "repo": "rnix-lsp",
        "rev": "ba47b015800a41118b203befc1b249a481429fdf",
        "type": "github"
      },
      "original": {
        "owner": "nix-community",
        "repo": "rnix-lsp",
        "type": "github"
      }
    },
    "root": {
      "inputs": {
        "base16-kitty": "base16-kitty",
        "darwin": "darwin",
        "emacs": "emacs",
        "emacs-overlay": "emacs-overlay",
        "firefox-lepton": "firefox-lepton",
        "home-manager": "home-manager",
        "latest": "latest",
        "nixpkgs": [
          "latest"
        ],
        "nur": "nur",
        "rnix-lsp": "rnix-lsp",
        "stable": "stable",
        "utils": "utils_2"
      }
    },
    "stable": {
      "locked": {
        "lastModified": 1633853057,
        "narHash": "sha256-TUf/NYJlIw7wVMLFt5G4TRwtrnbz+uuXtTEbulxxI8Y=",
        "owner": "nixos",
        "repo": "nixpkgs",
        "rev": "93ca5ab64f78ce778c0bcecf9458263f0f6289b6",
        "type": "github"
      },
      "original": {
        "owner": "nixos",
        "ref": "release-21.05",
        "repo": "nixpkgs",
        "type": "github"
      }
    },
    "utils": {
      "locked": {
        "lastModified": 1629481132,
        "narHash": "sha256-JHgasjPR0/J1J3DRm4KxM4zTyAj4IOJY8vIl75v/kPI=",
        "owner": "numtide",
        "repo": "flake-utils",
        "rev": "997f7efcb746a9c140ce1f13c72263189225f482",
        "type": "github"
      },
      "original": {
        "owner": "numtide",
        "repo": "flake-utils",
        "type": "github"
      }
    },
    "utils_2": {
      "inputs": {
        "flake-utils": "flake-utils"
      },
      "locked": {
        "lastModified": 1632420560,
        "narHash": "sha256-8Tsa4Hp/CHCA6J8/E7EODhp75z5N1NBhFiOb3lBv/tI=",
        "owner": "gytis-ivaskevicius",
        "repo": "flake-utils-plus",
        "rev": "4b1bcafcfcd78bd36ceabfe3872822ba5c7fcbe8",
        "type": "github"
      },
      "original": {
        "owner": "gytis-ivaskevicius",
        "repo": "flake-utils-plus",
        "type": "github"
      }
    }
  },
  "root": "root",
  "version": 7
}
